// !$*UTF8*$!
{
	archiveVersion = 1;
	classes = {
	};
	objectVersion = 56;
	objects = {

/* Begin PBXBuildFile section */
		B78289DD2CFF954600934090 /* AppDelegate.swift in Sources */ = {isa = PBXBuildFile; fileRef = B78289DC2CFF954600934090 /* AppDelegate.swift */; };
		B78289DF2CFF954600934090 /* SceneDelegate.swift in Sources */ = {isa = PBXBuildFile; fileRef = B78289DE2CFF954600934090 /* SceneDelegate.swift */; };
		B78289E12CFF954600934090 /* ViewController.swift in Sources */ = {isa = PBXBuildFile; fileRef = B78289E02CFF954600934090 /* ViewController.swift */; };
		B78289E42CFF954600934090 /* Main.storyboard in Resources */ = {isa = PBXBuildFile; fileRef = B78289E22CFF954600934090 /* Main.storyboard */; };
		B78289E72CFF954600934090 /* T2_Brena.xcdatamodeld in Sources */ = {isa = PBXBuildFile; fileRef = B78289E52CFF954600934090 /* T2_Brena.xcdatamodeld */; };
		B78289E92CFF954700934090 /* Assets.xcassets in Resources */ = {isa = PBXBuildFile; fileRef = B78289E82CFF954700934090 /* Assets.xcassets */; };
		B78289EC2CFF954700934090 /* LaunchScreen.storyboard in Resources */ = {isa = PBXBuildFile; fileRef = B78289EA2CFF954700934090 /* LaunchScreen.storyboard */; };
		B78289F52CFF969700934090 /* Supervisor.swift in Sources */ = {isa = PBXBuildFile; fileRef = B78289F42CFF969700934090 /* Supervisor.swift */; };
		B78289F72CFF96A100934090 /* PMetodos.swift in Sources */ = {isa = PBXBuildFile; fileRef = B78289F62CFF96A100934090 /* PMetodos.swift */; };
		B78289F92CFF990A00934090 /* ItemTableViewCell.swift in Sources */ = {isa = PBXBuildFile; fileRef = B78289F82CFF990A00934090 /* ItemTableViewCell.swift */; };
		B78289FB2CFF9B3700934090 /* NuevoSupervisorViewController.swift in Sources */ = {isa = PBXBuildFile; fileRef = B78289FA2CFF9B3700934090 /* NuevoSupervisorViewController.swift */; };
		B78289FD2CFF9B4800934090 /* DatosSupervisorViewController.swift in Sources */ = {isa = PBXBuildFile; fileRef = B78289FC2CFF9B4800934090 /* DatosSupervisorViewController.swift */; };
		B78289FF2CFF9FEB00934090 /* ControladorSupervisor.swift in Sources */ = {isa = PBXBuildFile; fileRef = B78289FE2CFF9FEB00934090 /* ControladorSupervisor.swift */; };
/* End PBXBuildFile section */

/* Begin PBXFileReference section */
		B78289D92CFF954600934090 /* T2_Brena.app */ = {isa = PBXFileReference; explicitFileType = wrapper.application; includeInIndex = 0; path = T2_Brena.app; sourceTree = BUILT_PRODUCTS_DIR; };
		B78289DC2CFF954600934090 /* AppDelegate.swift */ = {isa = PBXFileReference; lastKnownFileType = sourcecode.swift; path = AppDelegate.swift; sourceTree = "<group>"; };
		B78289DE2CFF954600934090 /* SceneDelegate.swift */ = {isa = PBXFileReference; lastKnownFileType = sourcecode.swift; path = SceneDelegate.swift; sourceTree = "<group>"; };
		B78289E02CFF954600934090 /* ViewController.swift */ = {isa = PBXFileReference; lastKnownFileType = sourcecode.swift; path = ViewController.swift; sourceTree = "<group>"; };
		B78289E32CFF954600934090 /* Base */ = {isa = PBXFileReference; lastKnownFileType = file.storyboard; name = Base; path = Base.lproj/Main.storyboard; sourceTree = "<group>"; };
		B78289E62CFF954600934090 /* T2_Brena.xcdatamodel */ = {isa = PBXFileReference; lastKnownFileType = wrapper.xcdatamodel; path = T2_Brena.xcdatamodel; sourceTree = "<group>"; };
		B78289E82CFF954700934090 /* Assets.xcassets */ = {isa = PBXFileReference; lastKnownFileType = folder.assetcatalog; path = Assets.xcassets; sourceTree = "<group>"; };
		B78289EB2CFF954700934090 /* Base */ = {isa = PBXFileReference; lastKnownFileType = file.storyboard; name = Base; path = Base.lproj/LaunchScreen.storyboard; sourceTree = "<group>"; };
		B78289ED2CFF954700934090 /* Info.plist */ = {isa = PBXFileReference; lastKnownFileType = text.plist.xml; path = Info.plist; sourceTree = "<group>"; };
		B78289F42CFF969700934090 /* Supervisor.swift */ = {isa = PBXFileReference; lastKnownFileType = sourcecode.swift; path = Supervisor.swift; sourceTree = "<group>"; };
		B78289F62CFF96A100934090 /* PMetodos.swift */ = {isa = PBXFileReference; lastKnownFileType = sourcecode.swift; path = PMetodos.swift; sourceTree = "<group>"; };
		B78289F82CFF990A00934090 /* ItemTableViewCell.swift */ = {isa = PBXFileReference; lastKnownFileType = sourcecode.swift; path = ItemTableViewCell.swift; sourceTree = "<group>"; };
		B78289FA2CFF9B3700934090 /* NuevoSupervisorViewController.swift */ = {isa = PBXFileReference; lastKnownFileType = sourcecode.swift; path = NuevoSupervisorViewController.swift; sourceTree = "<group>"; };
		B78289FC2CFF9B4800934090 /* DatosSupervisorViewController.swift */ = {isa = PBXFileReference; lastKnownFileType = sourcecode.swift; path = DatosSupervisorViewController.swift; sourceTree = "<group>"; };
		B78289FE2CFF9FEB00934090 /* ControladorSupervisor.swift */ = {isa = PBXFileReference; lastKnownFileType = sourcecode.swift; path = ControladorSupervisor.swift; sourceTree = "<group>"; };
/* End PBXFileReference section */

/* Begin PBXFrameworksBuildPhase section */
		B78289D62CFF954600934090 /* Frameworks */ = {
			isa = PBXFrameworksBuildPhase;
			buildActionMask = 2147483647;
			files = (
			);
			runOnlyForDeploymentPostprocessing = 0;
		};
/* End PBXFrameworksBuildPhase section */

/* Begin PBXGroup section */
		B78289D02CFF954600934090 = {
			isa = PBXGroup;
			children = (
				B78289DB2CFF954600934090 /* T2_Brena */,
				B78289DA2CFF954600934090 /* Products */,
			);
			sourceTree = "<group>";
		};
		B78289DA2CFF954600934090 /* Products */ = {
			isa = PBXGroup;
			children = (
				B78289D92CFF954600934090 /* T2_Brena.app */,
			);
			name = Products;
			sourceTree = "<group>";
		};
		B78289DB2CFF954600934090 /* T2_Brena */ = {
			isa = PBXGroup;
			children = (
				B78289F32CFF967B00934090 /* coredata */,
				B78289DC2CFF954600934090 /* AppDelegate.swift */,
				B78289DE2CFF954600934090 /* SceneDelegate.swift */,
				B78289E02CFF954600934090 /* ViewController.swift */,
				B78289E22CFF954600934090 /* Main.storyboard */,
				B78289E82CFF954700934090 /* Assets.xcassets */,
				B78289EA2CFF954700934090 /* LaunchScreen.storyboard */,
				B78289ED2CFF954700934090 /* Info.plist */,
				B78289E52CFF954600934090 /* T2_Brena.xcdatamodeld */,
			);
			path = T2_Brena;
			sourceTree = "<group>";
		};
		B78289F32CFF967B00934090 /* coredata */ = {
			isa = PBXGroup;
			children = (
				B78289F42CFF969700934090 /* Supervisor.swift */,
				B78289F62CFF96A100934090 /* PMetodos.swift */,
				B78289F82CFF990A00934090 /* ItemTableViewCell.swift */,
				B78289FA2CFF9B3700934090 /* NuevoSupervisorViewController.swift */,
				B78289FC2CFF9B4800934090 /* DatosSupervisorViewController.swift */,
				B78289FE2CFF9FEB00934090 /* ControladorSupervisor.swift */,
			);
			path = coredata;
			sourceTree = "<group>";
		};
/* End PBXGroup section */

/* Begin PBXNativeTarget section */
		B78289D82CFF954600934090 /* T2_Brena */ = {
			isa = PBXNativeTarget;
			buildConfigurationList = B78289F02CFF954700934090 /* Build configuration list for PBXNativeTarget "T2_Brena" */;
			buildPhases = (
				B78289D52CFF954600934090 /* Sources */,
				B78289D62CFF954600934090 /* Frameworks */,
				B78289D72CFF954600934090 /* Resources */,
			);
			buildRules = (
			);
			dependencies = (
			);
			name = T2_Brena;
			productName = T2_Brena;
			productReference = B78289D92CFF954600934090 /* T2_Brena.app */;
			productType = "com.apple.product-type.application";
		};
/* End PBXNativeTarget section */

/* Begin PBXProject section */
		B78289D12CFF954600934090 /* Project object */ = {
			isa = PBXProject;
			attributes = {
				BuildIndependentTargetsInParallel = 1;
				LastSwiftUpdateCheck = 1520;
				LastUpgradeCheck = 1520;
				TargetAttributes = {
					B78289D82CFF954600934090 = {
						CreatedOnToolsVersion = 15.2;
					};
				};
			};
			buildConfigurationList = B78289D42CFF954600934090 /* Build configuration list for PBXProject "T2_Brena" */;
			compatibilityVersion = "Xcode 14.0";
			developmentRegion = en;
			hasScannedForEncodings = 0;
			knownRegions = (
				en,
				Base,
			);
			mainGroup = B78289D02CFF954600934090;
			productRefGroup = B78289DA2CFF954600934090 /* Products */;
			projectDirPath = "";
			projectRoot = "";
			targets = (
				B78289D82CFF954600934090 /* T2_Brena */,
			);
		};
/* End PBXProject section */

/* Begin PBXResourcesBuildPhase section */
		B78289D72CFF954600934090 /* Resources */ = {
			isa = PBXResourcesBuildPhase;
			buildActionMask = 2147483647;
			files = (
				B78289EC2CFF954700934090 /* LaunchScreen.storyboard in Resources */,
				B78289E92CFF954700934090 /* Assets.xcassets in Resources */,
				B78289E42CFF954600934090 /* Main.storyboard in Resources */,
			);
			runOnlyForDeploymentPostprocessing = 0;
		};
/* End PBXResourcesBuildPhase section */

/* Begin PBXSourcesBuildPhase section */
		B78289D52CFF954600934090 /* Sources */ = {
			isa = PBXSourcesBuildPhase;
			buildActionMask = 2147483647;
			files = (
				B78289E12CFF954600934090 /* ViewController.swift in Sources */,
				B78289FD2CFF9B4800934090 /* DatosSupervisorViewController.swift in Sources */,
				B78289DD2CFF954600934090 /* AppDelegate.swift in Sources */,
				B78289F72CFF96A100934090 /* PMetodos.swift in Sources */,
				B78289E72CFF954600934090 /* T2_Brena.xcdatamodeld in Sources */,
				B78289FF2CFF9FEB00934090 /* ControladorSupervisor.swift in Sources */,
				B78289FB2CFF9B3700934090 /* NuevoSupervisorViewController.swift in Sources */,
				B78289DF2CFF954600934090 /* SceneDelegate.swift in Sources */,
				B78289F92CFF990A00934090 /* ItemTableViewCell.swift in Sources */,
				B78289F52CFF969700934090 /* Supervisor.swift in Sources */,
			);
			runOnlyForDeploymentPostprocessing = 0;
		};
/* End PBXSourcesBuildPhase section */

/* Begin PBXVariantGroup section */
		B78289E22CFF954600934090 /* Main.storyboard */ = {
			isa = PBXVariantGroup;
			children = (
				B78289E32CFF954600934090 /* Base */,
			);
			name = Main.storyboard;
			sourceTree = "<group>";
		};
		B78289EA2CFF954700934090 /* LaunchScreen.storyboard */ = {
			isa = PBXVariantGroup;
			children = (
				B78289EB2CFF954700934090 /* Base */,
			);
			name = LaunchScreen.storyboard;
			sourceTree = "<group>";
		};
/* End PBXVariantGroup section */

/* Begin XCBuildConfiguration section */
		B78289EE2CFF954700934090 /* Debug */ = {
			isa = XCBuildConfiguration;
			buildSettings = {
				ALWAYS_SEARCH_USER_PATHS = NO;
				ASSETCATALOG_COMPILER_GENERATE_SWIFT_ASSET_SYMBOL_EXTENSIONS = YES;
				CLANG_ANALYZER_NONNULL = YES;
				CLANG_ANALYZER_NUMBER_OBJECT_CONVERSION = YES_AGGRESSIVE;
				CLANG_CXX_LANGUAGE_STANDARD = "gnu++20";
				CLANG_ENABLE_MODULES = YES;
				CLANG_ENABLE_OBJC_ARC = YES;
				CLANG_ENABLE_OBJC_WEAK = YES;
				CLANG_WARN_BLOCK_CAPTURE_AUTORELEASING = YES;
				CLANG_WARN_BOOL_CONVERSION = YES;
				CLANG_WARN_COMMA = YES;
				CLANG_WARN_CONSTANT_CONVERSION = YES;
				CLANG_WARN_DEPRECATED_OBJC_IMPLEMENTATIONS = YES;
				CLANG_WARN_DIRECT_OBJC_ISA_USAGE = YES_ERROR;
				CLANG_WARN_DOCUMENTATION_COMMENTS = YES;
				CLANG_WARN_EMPTY_BODY = YES;
				CLANG_WARN_ENUM_CONVERSION = YES;
				CLANG_WARN_INFINITE_RECURSION = YES;
				CLANG_WARN_INT_CONVERSION = YES;
				CLANG_WARN_NON_LITERAL_NULL_CONVERSION = YES;
				CLANG_WARN_OBJC_IMPLICIT_RETAIN_SELF = YES;
				CLANG_WARN_OBJC_LITERAL_CONVERSION = YES;
				CLANG_WARN_OBJC_ROOT_CLASS = YES_ERROR;
				CLANG_WARN_QUOTED_INCLUDE_IN_FRAMEWORK_HEADER = YES;
				CLANG_WARN_RANGE_LOOP_ANALYSIS = YES;
				CLANG_WARN_STRICT_PROTOTYPES = YES;
				CLANG_WARN_SUSPICIOUS_MOVE = YES;
				CLANG_WARN_UNGUARDED_AVAILABILITY = YES_AGGRESSIVE;
				CLANG_WARN_UNREACHABLE_CODE = YES;
				CLANG_WARN__DUPLICATE_METHOD_MATCH = YES;
				COPY_PHASE_STRIP = NO;
				DEBUG_INFORMATION_FORMAT = dwarf;
				ENABLE_STRICT_OBJC_MSGSEND = YES;
				ENABLE_TESTABILITY = YES;
				ENABLE_USER_SCRIPT_SANDBOXING = YES;
				GCC_C_LANGUAGE_STANDARD = gnu17;
				GCC_DYNAMIC_NO_PIC = NO;
				GCC_NO_COMMON_BLOCKS = YES;
				GCC_OPTIMIZATION_LEVEL = 0;
				GCC_PREPROCESSOR_DEFINITIONS = (
					"DEBUG=1",
					"$(inherited)",
				);
				GCC_WARN_64_TO_32_BIT_CONVERSION = YES;
				GCC_WARN_ABOUT_RETURN_TYPE = YES_ERROR;
				GCC_WARN_UNDECLARED_SELECTOR = YES;
				GCC_WARN_UNINITIALIZED_AUTOS = YES_AGGRESSIVE;
				GCC_WARN_UNUSED_FUNCTION = YES;
				GCC_WARN_UNUSED_VARIABLE = YES;
				IPHONEOS_DEPLOYMENT_TARGET = 17.2;
				LOCALIZATION_PREFERS_STRING_CATALOGS = YES;
				MTL_ENABLE_DEBUG_INFO = INCLUDE_SOURCE;
				MTL_FAST_MATH = YES;
				ONLY_ACTIVE_ARCH = YES;
				SDKROOT = iphoneos;
				SWIFT_ACTIVE_COMPILATION_CONDITIONS = "DEBUG $(inherited)";
				SWIFT_OPTIMIZATION_LEVEL = "-Onone";
			};
			name = Debug;
		};
		B78289EF2CFF954700934090 /* Release */ = {
			isa = XCBuildConfiguration;
			buildSettings = {
				ALWAYS_SEARCH_USER_PATHS = NO;
				ASSETCATALOG_COMPILER_GENERATE_SWIFT_ASSET_SYMBOL_EXTENSIONS = YES;
				CLANG_ANALYZER_NONNULL = YES;
				CLANG_ANALYZER_NUMBER_OBJECT_CONVERSION = YES_AGGRESSIVE;
				CLANG_CXX_LANGUAGE_STANDARD = "gnu++20";
				CLANG_ENABLE_MODULES = YES;
				CLANG_ENABLE_OBJC_ARC = YES;
				CLANG_ENABLE_OBJC_WEAK = YES;
				CLANG_WARN_BLOCK_CAPTURE_AUTORELEASING = YES;
				CLANG_WARN_BOOL_CONVERSION = YES;
				CLANG_WARN_COMMA = YES;
				CLANG_WARN_CONSTANT_CONVERSION = YES;
				CLANG_WARN_DEPRECATED_OBJC_IMPLEMENTATIONS = YES;
				CLANG_WARN_DIRECT_OBJC_ISA_USAGE = YES_ERROR;
				CLANG_WARN_DOCUMENTATION_COMMENTS = YES;
				CLANG_WARN_EMPTY_BODY = YES;
				CLANG_WARN_ENUM_CONVERSION = YES;
				CLANG_WARN_INFINITE_RECURSION = YES;
				CLANG_WARN_INT_CONVERSION = YES;
				CLANG_WARN_NON_LITERAL_NULL_CONVERSION = YES;
				CLANG_WARN_OBJC_IMPLICIT_RETAIN_SELF = YES;
				CLANG_WARN_OBJC_LITERAL_CONVERSION = YES;
				CLANG_WARN_OBJC_ROOT_CLASS = YES_ERROR;
				CLANG_WARN_QUOTED_INCLUDE_IN_FRAMEWORK_HEADER = YES;
				CLANG_WARN_RANGE_LOOP_ANALYSIS = YES;
				CLANG_WARN_STRICT_PROTOTYPES = YES;
				CLANG_WARN_SUSPICIOUS_MOVE = YES;
				CLANG_WARN_UNGUARDED_AVAILABILITY = YES_AGGRESSIVE;
				CLANG_WARN_UNREACHABLE_CODE = YES;
				CLANG_WARN__DUPLICATE_METHOD_MATCH = YES;
				COPY_PHASE_STRIP = NO;
				DEBUG_INFORMATION_FORMAT = "dwarf-with-dsym";
				ENABLE_NS_ASSERTIONS = NO;
				ENABLE_STRICT_OBJC_MSGSEND = YES;
				ENABLE_USER_SCRIPT_SANDBOXING = YES;
				GCC_C_LANGUAGE_STANDARD = gnu17;
				GCC_NO_COMMON_BLOCKS = YES;
				GCC_WARN_64_TO_32_BIT_CONVERSION = YES;
				GCC_WARN_ABOUT_RETURN_TYPE = YES_ERROR;
				GCC_WARN_UNDECLARED_SELECTOR = YES;
				GCC_WARN_UNINITIALIZED_AUTOS = YES_AGGRESSIVE;
				GCC_WARN_UNUSED_FUNCTION = YES;
				GCC_WARN_UNUSED_VARIABLE = YES;
				IPHONEOS_DEPLOYMENT_TARGET = 17.2;
				LOCALIZATION_PREFERS_STRING_CATALOGS = YES;
				MTL_ENABLE_DEBUG_INFO = NO;
				MTL_FAST_MATH = YES;
				SDKROOT = iphoneos;
				SWIFT_COMPILATION_MODE = wholemodule;
				VALIDATE_PRODUCT = YES;
			};
			name = Release;
		};
		B78289F12CFF954700934090 /* Debug */ = {
			isa = XCBuildConfiguration;
			buildSettings = {
				ASSETCATALOG_COMPILER_APPICON_NAME = AppIcon;
				ASSETCATALOG_COMPILER_GLOBAL_ACCENT_COLOR_NAME = AccentColor;
				CODE_SIGN_STYLE = Automatic;
				CURRENT_PROJECT_VERSION = 1;
				GENERATE_INFOPLIST_FILE = YES;
				INFOPLIST_FILE = T2_Brena/Info.plist;
				INFOPLIST_KEY_UIApplicationSupportsIndirectInputEvents = YES;
				INFOPLIST_KEY_UILaunchStoryboardName = LaunchScreen;
				INFOPLIST_KEY_UIMainStoryboardFile = Main;
				INFOPLIST_KEY_UISupportedInterfaceOrientations_iPad = "UIInterfaceOrientationPortrait UIInterfaceOrientationPortraitUpsideDown UIInterfaceOrientationLandscapeLeft UIInterfaceOrientationLandscapeRight";
				INFOPLIST_KEY_UISupportedInterfaceOrientations_iPhone = "UIInterfaceOrientationPortrait UIInterfaceOrientationLandscapeLeft UIInterfaceOrientationLandscapeRight";
				LD_RUNPATH_SEARCH_PATHS = (
					"$(inherited)",
					"@executable_path/Frameworks",
				);
				MARKETING_VERSION = 1.0;
				PRODUCT_BUNDLE_IDENTIFIER = "com.cibertec.T2-Brena";
				PRODUCT_NAME = "$(TARGET_NAME)";
				SWIFT_EMIT_LOC_STRINGS = YES;
				SWIFT_VERSION = 5.0;
				TARGETED_DEVICE_FAMILY = "1,2";
			};
			name = Debug;
		};
		B78289F22CFF954700934090 /* Release */ = {
			isa = XCBuildConfiguration;
			buildSettings = {
				ASSETCATALOG_COMPILER_APPICON_NAME = AppIcon;
				ASSETCATALOG_COMPILER_GLOBAL_ACCENT_COLOR_NAME = AccentColor;
				CODE_SIGN_STYLE = Automatic;
				CURRENT_PROJECT_VERSION = 1;
				GENERATE_INFOPLIST_FILE = YES;
				INFOPLIST_FILE = T2_Brena/Info.plist;
				INFOPLIST_KEY_UIApplicationSupportsIndirectInputEvents = YES;
				INFOPLIST_KEY_UILaunchStoryboardName = LaunchScreen;
				INFOPLIST_KEY_UIMainStoryboardFile = Main;
				INFOPLIST_KEY_UISupportedInterfaceOrientations_iPad = "UIInterfaceOrientationPortrait UIInterfaceOrientationPortraitUpsideDown UIInterfaceOrientationLandscapeLeft UIInterfaceOrientationLandscapeRight";
				INFOPLIST_KEY_UISupportedInterfaceOrientations_iPhone = "UIInterfaceOrientationPortrait UIInterfaceOrientationLandscapeLeft UIInterfaceOrientationLandscapeRight";
				LD_RUNPATH_SEARCH_PATHS = (
					"$(inherited)",
					"@executable_path/Frameworks",
				);
				MARKETING_VERSION = 1.0;
				PRODUCT_BUNDLE_IDENTIFIER = "com.cibertec.T2-Brena";
				PRODUCT_NAME = "$(TARGET_NAME)";
				SWIFT_EMIT_LOC_STRINGS = YES;
				SWIFT_VERSION = 5.0;
				TARGETED_DEVICE_FAMILY = "1,2";
			};
			name = Release;
		};
/* End XCBuildConfiguration section */

/* Begin XCConfigurationList section */
		B78289D42CFF954600934090 /* Build configuration list for PBXProject "T2_Brena" */ = {
			isa = XCConfigurationList;
			buildConfigurations = (
				B78289EE2CFF954700934090 /* Debug */,
				B78289EF2CFF954700934090 /* Release */,
			);
			defaultConfigurationIsVisible = 0;
			defaultConfigurationName = Release;
		};
		B78289F02CFF954700934090 /* Build configuration list for PBXNativeTarget "T2_Brena" */ = {
			isa = XCConfigurationList;
			buildConfigurations = (
				B78289F12CFF954700934090 /* Debug */,
				B78289F22CFF954700934090 /* Release */,
			);
			defaultConfigurationIsVisible = 0;
			defaultConfigurationName = Release;
		};
/* End XCConfigurationList section */

/* Begin XCVersionGroup section */
		B78289E52CFF954600934090 /* T2_Brena.xcdatamodeld */ = {
			isa = XCVersionGroup;
			children = (
				B78289E62CFF954600934090 /* T2_Brena.xcdatamodel */,
			);
			currentVersion = B78289E62CFF954600934090 /* T2_Brena.xcdatamodel */;
			path = T2_Brena.xcdatamodeld;
			sourceTree = "<group>";
			versionGroupType = wrapper.xcdatamodel;
		};
/* End XCVersionGroup section */
	};
	rootObject = B78289D12CFF954600934090 /* Project object */;
}
